
Microsoft Visual Studio Solution File, Format Version 12.00
# Visual Studio Version 16
VisualStudioVersion = 16.0.29201.188
MinimumVisualStudioVersion = 10.0.40219.1
Project("{FAE04EC0-301F-11D3-BF4B-00C04F79EFBC}") = "20220217", "20220217\20220217.csproj", "{05F22A77-03FC-4C2B-AE05-D03F14078FD3}"
EndProject
Global
	GlobalSection(SolutionConfigurationPlatforms) = preSolution
		Debug|Any CPU = Debug|Any CPU
		Release|Any CPU = Release|Any CPU
	EndGlobalSection
	GlobalSection(ProjectConfigurationPlatforms) = postSolution
		{05F22A77-03FC-4C2B-AE05-D03F14078FD3}.Debug|Any CPU.ActiveCfg = Debug|Any CPU
		{05F22A77-03FC-4C2B-AE05-D03F14078FD3}.Debug|Any CPU.Build.0 = Debug|Any CPU
		{05F22A77-03FC-4C2B-AE05-D03F14078FD3}.Release|Any CPU.ActiveCfg = Release|Any CPU
		{05F22A77-03FC-4C2B-AE05-D03F14078FD3}.Release|Any CPU.Build.0 = Release|Any CPU
	EndGlobalSection
	GlobalSection(SolutionProperties) = preSolution
		HideSolutionNode = FALSE
	EndGlobalSection
	GlobalSection(ExtensibilityGlobals) = postSolution
		SolutionGuid = {E1A52389-5D35-4D9F-963C-FBCC3F741CC6}
	EndGlobalSection
EndGlobal
