
Microsoft Visual Studio Solution File, Format Version 12.00
# Visual Studio Version 16
VisualStudioVersion = 16.0.29201.188
MinimumVisualStudioVersion = 10.0.40219.1
Project("{FAE04EC0-301F-11D3-BF4B-00C04F79EFBC}") = "20211202", "20211202\20211202.csproj", "{81C824AC-F7CE-4660-BE25-9A9676AFD037}"
EndProject
Global
	GlobalSection(SolutionConfigurationPlatforms) = preSolution
		Debug|Any CPU = Debug|Any CPU
		Release|Any CPU = Release|Any CPU
	EndGlobalSection
	GlobalSection(ProjectConfigurationPlatforms) = postSolution
		{81C824AC-F7CE-4660-BE25-9A9676AFD037}.Debug|Any CPU.ActiveCfg = Debug|Any CPU
		{81C824AC-F7CE-4660-BE25-9A9676AFD037}.Debug|Any CPU.Build.0 = Debug|Any CPU
		{81C824AC-F7CE-4660-BE25-9A9676AFD037}.Release|Any CPU.ActiveCfg = Release|Any CPU
		{81C824AC-F7CE-4660-BE25-9A9676AFD037}.Release|Any CPU.Build.0 = Release|Any CPU
	EndGlobalSection
	GlobalSection(SolutionProperties) = preSolution
		HideSolutionNode = FALSE
	EndGlobalSection
	GlobalSection(ExtensibilityGlobals) = postSolution
		SolutionGuid = {CE796E65-C0B4-46DD-9FFB-1CA6C3D06C84}
	EndGlobalSection
EndGlobal
